
Microsoft Visual Studio Solution File, Format Version 12.00
# Visual Studio Version 17
VisualStudioVersion = 17.8.34330.188
MinimumVisualStudioVersion = 10.0.40219.1
Project("{FAE04EC0-301F-11D3-BF4B-00C04F79EFBC}") = "OutBoundMail.API", "OutBoundMail.API\OutBoundMail.API.csproj", "{FBBAAAE5-1B95-4A5D-BA56-898262A0DD85}"
EndProject
Project("{FAE04EC0-301F-11D3-BF4B-00C04F79EFBC}") = "Mail.Repository", "Mail.Repository\Mail.Repository.csproj", "{F0FAFB4C-986D-4890-9582-FE4A37BBE8A0}"
EndProject
Project("{FAE04EC0-301F-11D3-BF4B-00C04F79EFBC}") = "User.Management", "User.Management\User.Management.csproj", "{3A2A8C03-FF80-4EF0-9DEB-4E5F015E231A}"
EndProject
Project("{FAE04EC0-301F-11D3-BF4B-00C04F79EFBC}") = "EmailScan.API", "EmailScan.API\EmailScan.API.csproj", "{56A0D5C0-D2F6-4E21-8FA4-0999DCC8C82E}"
EndProject
Project("{FAE04EC0-301F-11D3-BF4B-00C04F79EFBC}") = "EmailTrail.API", "EmailTrail.API\EmailTrail.API.csproj", "{5F302958-407C-463A-9A06-D7BB6391844C}"
EndProject
Global
	GlobalSection(SolutionConfigurationPlatforms) = preSolution
		Debug|Any CPU = Debug|Any CPU
		Release|Any CPU = Release|Any CPU
	EndGlobalSection
	GlobalSection(ProjectConfigurationPlatforms) = postSolution
		{FBBAAAE5-1B95-4A5D-BA56-898262A0DD85}.Debug|Any CPU.ActiveCfg = Debug|Any CPU
		{FBBAAAE5-1B95-4A5D-BA56-898262A0DD85}.Debug|Any CPU.Build.0 = Debug|Any CPU
		{FBBAAAE5-1B95-4A5D-BA56-898262A0DD85}.Release|Any CPU.ActiveCfg = Release|Any CPU
		{FBBAAAE5-1B95-4A5D-BA56-898262A0DD85}.Release|Any CPU.Build.0 = Release|Any CPU
		{F0FAFB4C-986D-4890-9582-FE4A37BBE8A0}.Debug|Any CPU.ActiveCfg = Debug|Any CPU
		{F0FAFB4C-986D-4890-9582-FE4A37BBE8A0}.Debug|Any CPU.Build.0 = Debug|Any CPU
		{F0FAFB4C-986D-4890-9582-FE4A37BBE8A0}.Release|Any CPU.ActiveCfg = Release|Any CPU
		{F0FAFB4C-986D-4890-9582-FE4A37BBE8A0}.Release|Any CPU.Build.0 = Release|Any CPU
		{3A2A8C03-FF80-4EF0-9DEB-4E5F015E231A}.Debug|Any CPU.ActiveCfg = Debug|Any CPU
		{3A2A8C03-FF80-4EF0-9DEB-4E5F015E231A}.Debug|Any CPU.Build.0 = Debug|Any CPU
		{3A2A8C03-FF80-4EF0-9DEB-4E5F015E231A}.Release|Any CPU.ActiveCfg = Release|Any CPU
		{3A2A8C03-FF80-4EF0-9DEB-4E5F015E231A}.Release|Any CPU.Build.0 = Release|Any CPU
		{56A0D5C0-D2F6-4E21-8FA4-0999DCC8C82E}.Debug|Any CPU.ActiveCfg = Debug|Any CPU
		{56A0D5C0-D2F6-4E21-8FA4-0999DCC8C82E}.Debug|Any CPU.Build.0 = Debug|Any CPU
		{56A0D5C0-D2F6-4E21-8FA4-0999DCC8C82E}.Release|Any CPU.ActiveCfg = Release|Any CPU
		{56A0D5C0-D2F6-4E21-8FA4-0999DCC8C82E}.Release|Any CPU.Build.0 = Release|Any CPU
		{5F302958-407C-463A-9A06-D7BB6391844C}.Debug|Any CPU.ActiveCfg = Debug|Any CPU
		{5F302958-407C-463A-9A06-D7BB6391844C}.Debug|Any CPU.Build.0 = Debug|Any CPU
		{5F302958-407C-463A-9A06-D7BB6391844C}.Release|Any CPU.ActiveCfg = Release|Any CPU
		{5F302958-407C-463A-9A06-D7BB6391844C}.Release|Any CPU.Build.0 = Release|Any CPU
	EndGlobalSection
	GlobalSection(SolutionProperties) = preSolution
		HideSolutionNode = FALSE
	EndGlobalSection
	GlobalSection(ExtensibilityGlobals) = postSolution
		SolutionGuid = {32FC55F3-7735-4984-9E19-F3B7DDF7B894}
	EndGlobalSection
EndGlobal
